// !$*UTF8*$!
{
	archiveVersion = 1;
	classes = {
	};
	objectVersion = 48;
	objects = {

/* Begin PBXBuildFile section */
		D9AE902420EBD7BB00FF1DB9 /* AppDelegate.swift in Sources */ = {isa = PBXBuildFile; fileRef = D9AE902320EBD7BB00FF1DB9 /* AppDelegate.swift */; };
		D9AE902620EBD7BB00FF1DB9 /* ViewController.swift in Sources */ = {isa = PBXBuildFile; fileRef = D9AE902520EBD7BB00FF1DB9 /* ViewController.swift */; };
		D9AE902920EBD7BB00FF1DB9 /* Main.storyboard in Resources */ = {isa = PBXBuildFile; fileRef = D9AE902720EBD7BB00FF1DB9 /* Main.storyboard */; };
		D9AE902B20EBD7BB00FF1DB9 /* Assets.xcassets in Resources */ = {isa = PBXBuildFile; fileRef = D9AE902A20EBD7BB00FF1DB9 /* Assets.xcassets */; };
		D9AE902E20EBD7BB00FF1DB9 /* LaunchScreen.storyboard in Resources */ = {isa = PBXBuildFile; fileRef = D9AE902C20EBD7BB00FF1DB9 /* LaunchScreen.storyboard */; };
/* End PBXBuildFile section */

/* Begin PBXFileReference section */
		D9AE902020EBD7BB00FF1DB9 /* Beacon_colour_change.app */ = {isa = PBXFileReference; explicitFileType = wrapper.application; includeInIndex = 0; path = Beacon_colour_change.app; sourceTree = BUILT_PRODUCTS_DIR; };
		D9AE902320EBD7BB00FF1DB9 /* AppDelegate.swift */ = {isa = PBXFileReference; lastKnownFileType = sourcecode.swift; path = AppDelegate.swift; sourceTree = "<group>"; };
		D9AE902520EBD7BB00FF1DB9 /* ViewController.swift */ = {isa = PBXFileReference; lastKnownFileType = sourcecode.swift; path = ViewController.swift; sourceTree = "<group>"; };
		D9AE902820EBD7BB00FF1DB9 /* Base */ = {isa = PBXFileReference; lastKnownFileType = file.storyboard; name = Base; path = Base.lproj/Main.storyboard; sourceTree = "<group>"; };
		D9AE902A20EBD7BB00FF1DB9 /* Assets.xcassets */ = {isa = PBXFileReference; lastKnownFileType = folder.assetcatalog; path = Assets.xcassets; sourceTree = "<group>"; };
		D9AE902D20EBD7BB00FF1DB9 /* Base */ = {isa = PBXFileReference; lastKnownFileType = file.storyboard; name = Base; path = Base.lproj/LaunchScreen.storyboard; sourceTree = "<group>"; };
		D9AE902F20EBD7BB00FF1DB9 /* Info.plist */ = {isa = PBXFileReference; lastKnownFileType = text.plist.xml; path = Info.plist; sourceTree = "<group>"; };
/* End PBXFileReference section */

/* Begin PBXFrameworksBuildPhase section */
		D9AE901D20EBD7BB00FF1DB9 /* Frameworks */ = {
			isa = PBXFrameworksBuildPhase;
			buildActionMask = 2147483647;
			files = (
			);
			runOnlyForDeploymentPostprocessing = 0;
		};
/* End PBXFrameworksBuildPhase section */

/* Begin PBXGroup section */
		D9AE901720EBD7BB00FF1DB9 = {
			isa = PBXGroup;
			children = (
				D9AE902220EBD7BB00FF1DB9 /* Beacon_colour_change */,
				D9AE902120EBD7BB00FF1DB9 /* Products */,
			);
			sourceTree = "<group>";
		};
		D9AE902120EBD7BB00FF1DB9 /* Products */ = {
			isa = PBXGroup;
			children = (
				D9AE902020EBD7BB00FF1DB9 /* Beacon_colour_change.app */,
			);
			name = Products;
			sourceTree = "<group>";
		};
		D9AE902220EBD7BB00FF1DB9 /* Beacon_colour_change */ = {
			isa = PBXGroup;
			children = (
				D9AE902320EBD7BB00FF1DB9 /* AppDelegate.swift */,
				D9AE902520EBD7BB00FF1DB9 /* ViewController.swift */,
				D9AE902720EBD7BB00FF1DB9 /* Main.storyboard */,
				D9AE902A20EBD7BB00FF1DB9 /* Assets.xcassets */,
				D9AE902C20EBD7BB00FF1DB9 /* LaunchScreen.storyboard */,
				D9AE902F20EBD7BB00FF1DB9 /* Info.plist */,
			);
			path = Beacon_colour_change;
			sourceTree = "<group>";
		};
/* End PBXGroup section */

/* Begin PBXNativeTarget section */
		D9AE901F20EBD7BB00FF1DB9 /* Beacon_colour_change */ = {
			isa = PBXNativeTarget;
			buildConfigurationList = D9AE903220EBD7BB00FF1DB9 /* Build configuration list for PBXNativeTarget "Beacon_colour_change" */;
			buildPhases = (
				D9AE901C20EBD7BB00FF1DB9 /* Sources */,
				D9AE901D20EBD7BB00FF1DB9 /* Frameworks */,
				D9AE901E20EBD7BB00FF1DB9 /* Resources */,
			);
			buildRules = (
			);
			dependencies = (
			);
			name = Beacon_colour_change;
			productName = Beacon_colour_change;
			productReference = D9AE902020EBD7BB00FF1DB9 /* Beacon_colour_change.app */;
			productType = "com.apple.product-type.application";
		};
/* End PBXNativeTarget section */

/* Begin PBXProject section */
		D9AE901820EBD7BB00FF1DB9 /* Project object */ = {
			isa = PBXProject;
			attributes = {
				LastSwiftUpdateCheck = 0900;
				LastUpgradeCheck = 1000;
				ORGANIZATIONNAME = Parnak;
				TargetAttributes = {
					D9AE901F20EBD7BB00FF1DB9 = {
						CreatedOnToolsVersion = 9.0.1;
						LastSwiftMigration = 1000;
						ProvisioningStyle = Automatic;
					};
				};
			};
			buildConfigurationList = D9AE901B20EBD7BB00FF1DB9 /* Build configuration list for PBXProject "Beacon_colour_change" */;
			compatibilityVersion = "Xcode 8.0";
			developmentRegion = en;
			hasScannedForEncodings = 0;
			knownRegions = (
				en,
				Base,
			);
			mainGroup = D9AE901720EBD7BB00FF1DB9;
			productRefGroup = D9AE902120EBD7BB00FF1DB9 /* Products */;
			projectDirPath = "";
			projectRoot = "";
			targets = (
				D9AE901F20EBD7BB00FF1DB9 /* Beacon_colour_change */,
			);
		};
/* End PBXProject section */

/* Begin PBXResourcesBuildPhase section */
		D9AE901E20EBD7BB00FF1DB9 /* Resources */ = {
			isa = PBXResourcesBuildPhase;
			buildActionMask = 2147483647;
			files = (
				D9AE902E20EBD7BB00FF1DB9 /* LaunchScreen.storyboard in Resources */,
				D9AE902B20EBD7BB00FF1DB9 /* Assets.xcassets in Resources */,
				D9AE902920EBD7BB00FF1DB9 /* Main.storyboard in Resources */,
			);
			runOnlyForDeploymentPostprocessing = 0;
		};
/* End PBXResourcesBuildPhase section */

/* Begin PBXSourcesBuildPhase section */
		D9AE901C20EBD7BB00FF1DB9 /* Sources */ = {
			isa = PBXSourcesBuildPhase;
			buildActionMask = 2147483647;
			files = (
				D9AE902620EBD7BB00FF1DB9 /* ViewController.swift in Sources */,
				D9AE902420EBD7BB00FF1DB9 /* AppDelegate.swift in Sources */,
			);
			runOnlyForDeploymentPostprocessing = 0;
		};
/* End PBXSourcesBuildPhase section */

/* Begin PBXVariantGroup section */
		D9AE902720EBD7BB00FF1DB9 /* Main.storyboard */ = {
			isa = PBXVariantGroup;
			children = (
				D9AE902820EBD7BB00FF1DB9 /* Base */,
			);
			name = Main.storyboard;
			sourceTree = "<group>";
		};
		D9AE902C20EBD7BB00FF1DB9 /* LaunchScreen.storyboard */ = {
			isa = PBXVariantGroup;
			children = (
				D9AE902D20EBD7BB00FF1DB9 /* Base */,
			);
			name = LaunchScreen.storyboard;
			sourceTree = "<group>";
		};
/* End PBXVariantGroup section */

/* Begin XCBuildConfiguration section */
		D9AE903020EBD7BB00FF1DB9 /* Debug */ = {
			isa = XCBuildConfiguration;
			buildSettings = {
				ALWAYS_SEARCH_USER_PATHS = NO;
				CLANG_ANALYZER_NONNULL = YES;
				CLANG_ANALYZER_NUMBER_OBJECT_CONVERSION = YES_AGGRESSIVE;
				CLANG_CXX_LANGUAGE_STANDARD = "gnu++14";
				CLANG_CXX_LIBRARY = "libc++";
				CLANG_ENABLE_MODULES = YES;
				CLANG_ENABLE_OBJC_ARC = YES;
				CLANG_WARN_BLOCK_CAPTURE_AUTORELEASING = YES;
				CLANG_WARN_BOOL_CONVERSION = YES;
				CLANG_WARN_COMMA = YES;
				CLANG_WARN_CONSTANT_CONVERSION = YES;
				CLANG_WARN_DEPRECATED_OBJC_IMPLEMENTATIONS = YES;
				CLANG_WARN_DIRECT_OBJC_ISA_USAGE = YES_ERROR;
				CLANG_WARN_DOCUMENTATION_COMMENTS = YES;
				CLANG_WARN_EMPTY_BODY = YES;
				CLANG_WARN_ENUM_CONVERSION = YES;
				CLANG_WARN_INFINITE_RECURSION = YES;
				CLANG_WARN_INT_CONVERSION = YES;
				CLANG_WARN_NON_LITERAL_NULL_CONVERSION = YES;
				CLANG_WARN_OBJC_IMPLICIT_RETAIN_SELF = YES;
				CLANG_WARN_OBJC_LITERAL_CONVERSION = YES;
				CLANG_WARN_OBJC_ROOT_CLASS = YES_ERROR;
				CLANG_WARN_RANGE_LOOP_ANALYSIS = YES;
				CLANG_WARN_STRICT_PROTOTYPES = YES;
				CLANG_WARN_SUSPICIOUS_MOVE = YES;
				CLANG_WARN_UNGUARDED_AVAILABILITY = YES_AGGRESSIVE;
				CLANG_WARN_UNREACHABLE_CODE = YES;
				CLANG_WARN__DUPLICATE_METHOD_MATCH = YES;
				CODE_SIGN_IDENTITY = "iPhone Developer";
				COPY_PHASE_STRIP = NO;
				DEBUG_INFORMATION_FORMAT = dwarf;
				ENABLE_STRICT_OBJC_MSGSEND = YES;
				ENABLE_TESTABILITY = YES;
				GCC_C_LANGUAGE_STANDARD = gnu11;
				GCC_DYNAMIC_NO_PIC = NO;
				GCC_NO_COMMON_BLOCKS = YES;
				GCC_OPTIMIZATION_LEVEL = 0;
				GCC_PREPROCESSOR_DEFINITIONS = (
					"DEBUG=1",
					"$(inherited)",
				);
				GCC_WARN_64_TO_32_BIT_CONVERSION = YES;
				GCC_WARN_ABOUT_RETURN_TYPE = YES_ERROR;
				GCC_WARN_UNDECLARED_SELECTOR = YES;
				GCC_WARN_UNINITIALIZED_AUTOS = YES_AGGRESSIVE;
				GCC_WARN_UNUSED_FUNCTION = YES;
				GCC_WARN_UNUSED_VARIABLE = YES;
				IPHONEOS_DEPLOYMENT_TARGET = 11.0;
				MTL_ENABLE_DEBUG_INFO = YES;
				ONLY_ACTIVE_ARCH = YES;
				SDKROOT = iphoneos;
				SWIFT_ACTIVE_COMPILATION_CONDITIONS = DEBUG;
				SWIFT_OPTIMIZATION_LEVEL = "-Onone";
			};
			name = Debug;
		};
		D9AE903120EBD7BB00FF1DB9 /* Release */ = {
			isa = XCBuildConfiguration;
			buildSettings = {
				ALWAYS_SEARCH_USER_PATHS = NO;
				CLANG_ANALYZER_NONNULL = YES;
				CLANG_ANALYZER_NUMBER_OBJECT_CONVERSION = YES_AGGRESSIVE;
				CLANG_CXX_LANGUAGE_STANDARD = "gnu++14";
				CLANG_CXX_LIBRARY = "libc++";
				CLANG_ENABLE_MODULES = YES;
				CLANG_ENABLE_OBJC_ARC = YES;
				CLANG_WARN_BLOCK_CAPTURE_AUTORELEASING = YES;
				CLANG_WARN_BOOL_CONVERSION = YES;
				CLANG_WARN_COMMA = YES;
				CLANG_WARN_CONSTANT_CONVERSION = YES;
				CLANG_WARN_DEPRECATED_OBJC_IMPLEMENTATIONS = YES;
				CLANG_WARN_DIRECT_OBJC_ISA_USAGE = YES_ERROR;
				CLANG_WARN_DOCUMENTATION_COMMENTS = YES;
				CLANG_WARN_EMPTY_BODY = YES;
				CLANG_WARN_ENUM_CONVERSION = YES;
				CLANG_WARN_INFINITE_RECURSION = YES;
				CLANG_WARN_INT_CONVERSION = YES;
				CLANG_WARN_NON_LITERAL_NULL_CONVERSION = YES;
				CLANG_WARN_OBJC_IMPLICIT_RETAIN_SELF = YES;
				CLANG_WARN_OBJC_LITERAL_CONVERSION = YES;
				CLANG_WARN_OBJC_ROOT_CLASS = YES_ERROR;
				CLANG_WARN_RANGE_LOOP_ANALYSIS = YES;
				CLANG_WARN_STRICT_PROTOTYPES = YES;
				CLANG_WARN_SUSPICIOUS_MOVE = YES;
				CLANG_WARN_UNGUARDED_AVAILABILITY = YES_AGGRESSIVE;
				CLANG_WARN_UNREACHABLE_CODE = YES;
				CLANG_WARN__DUPLICATE_METHOD_MATCH = YES;
				CODE_SIGN_IDENTITY = "iPhone Developer";
				COPY_PHASE_STRIP = NO;
				DEBUG_INFORMATION_FORMAT = "dwarf-with-dsym";
				ENABLE_NS_ASSERTIONS = NO;
				ENABLE_STRICT_OBJC_MSGSEND = YES;
				GCC_C_LANGUAGE_STANDARD = gnu11;
				GCC_NO_COMMON_BLOCKS = YES;
				GCC_WARN_64_TO_32_BIT_CONVERSION = YES;
				GCC_WARN_ABOUT_RETURN_TYPE = YES_ERROR;
				GCC_WARN_UNDECLARED_SELECTOR = YES;
				GCC_WARN_UNINITIALIZED_AUTOS = YES_AGGRESSIVE;
				GCC_WARN_UNUSED_FUNCTION = YES;
				GCC_WARN_UNUSED_VARIABLE = YES;
				IPHONEOS_DEPLOYMENT_TARGET = 11.0;
				MTL_ENABLE_DEBUG_INFO = NO;
				SDKROOT = iphoneos;
				SWIFT_OPTIMIZATION_LEVEL = "-Owholemodule";
				VALIDATE_PRODUCT = YES;
			};
			name = Release;
		};
		D9AE903320EBD7BB00FF1DB9 /* Debug */ = {
			isa = XCBuildConfiguration;
			buildSettings = {
				ASSETCATALOG_COMPILER_APPICON_NAME = AppIcon;
				CODE_SIGN_STYLE = Automatic;
				DEVELOPMENT_TEAM = Y298FZLMHN;
				INFOPLIST_FILE = Beacon_colour_change/Info.plist;
				LD_RUNPATH_SEARCH_PATHS = "$(inherited) @executable_path/Frameworks";
				PRODUCT_BUNDLE_IDENTIFIER = "Melbourne.Beacon-colour-change";
				PRODUCT_NAME = "$(TARGET_NAME)";
				SWIFT_VERSION = 4.2;
				TARGETED_DEVICE_FAMILY = "1,2";
			};
			name = Debug;
		};
		D9AE903420EBD7BB00FF1DB9 /* Release */ = {
			isa = XCBuildConfiguration;
			buildSettings = {
				ASSETCATALOG_COMPILER_APPICON_NAME = AppIcon;
				CODE_SIGN_STYLE = Automatic;
				DEVELOPMENT_TEAM = Y298FZLMHN;
				INFOPLIST_FILE = Beacon_colour_change/Info.plist;
				LD_RUNPATH_SEARCH_PATHS = "$(inherited) @executable_path/Frameworks";
				PRODUCT_BUNDLE_IDENTIFIER = "Melbourne.Beacon-colour-change";
				PRODUCT_NAME = "$(TARGET_NAME)";
				SWIFT_VERSION = 4.2;
				TARGETED_DEVICE_FAMILY = "1,2";
			};
			name = Release;
		};
/* End XCBuildConfiguration section */

/* Begin XCConfigurationList section */
		D9AE901B20EBD7BB00FF1DB9 /* Build configuration list for PBXProject "Beacon_colour_change" */ = {
			isa = XCConfigurationList;
			buildConfigurations = (
				D9AE903020EBD7BB00FF1DB9 /* Debug */,
				D9AE903120EBD7BB00FF1DB9 /* Release */,
			);
			defaultConfigurationIsVisible = 0;
			defaultConfigurationName = Release;
		};
		D9AE903220EBD7BB00FF1DB9 /* Build configuration list for PBXNativeTarget "Beacon_colour_change" */ = {
			isa = XCConfigurationList;
			buildConfigurations = (
				D9AE903320EBD7BB00FF1DB9 /* Debug */,
				D9AE903420EBD7BB00FF1DB9 /* Release */,
			);
			defaultConfigurationIsVisible = 0;
			defaultConfigurationName = Release;
		};
/* End XCConfigurationList section */
	};
	rootObject = D9AE901820EBD7BB00FF1DB9 /* Project object */;
}
